// !$*UTF8*$!
{
	archiveVersion = 1;
	classes = {
	};
	objectVersion = 46;
	objects = {

/* Begin PBXBuildFile section */
		18751BFB1F4A733300DBFCFD /* main.m in Sources */ = {isa = PBXBuildFile; fileRef = 18751BFA1F4A733300DBFCFD /* main.m */; };
		18751BFE1F4A733300DBFCFD /* AppDelegate.m in Sources */ = {isa = PBXBuildFile; fileRef = 18751BFD1F4A733300DBFCFD /* AppDelegate.m */; };
		18751C011F4A733300DBFCFD /* ViewController.m in Sources */ = {isa = PBXBuildFile; fileRef = 18751C001F4A733300DBFCFD /* ViewController.m */; };
		18751C041F4A733300DBFCFD /* Main.storyboard in Resources */ = {isa = PBXBuildFile; fileRef = 18751C021F4A733300DBFCFD /* Main.storyboard */; };
		18751C061F4A733300DBFCFD /* Assets.xcassets in Resources */ = {isa = PBXBuildFile; fileRef = 18751C051F4A733300DBFCFD /* Assets.xcassets */; };
		18751C091F4A733300DBFCFD /* LaunchScreen.storyboard in Resources */ = {isa = PBXBuildFile; fileRef = 18751C071F4A733300DBFCFD /* LaunchScreen.storyboard */; };
		18751C121F4A743000DBFCFD /* SecondViewController.m in Sources */ = {isa = PBXBuildFile; fileRef = 18751C111F4A743000DBFCFD /* SecondViewController.m */; };
		18751C151F4A751F00DBFCFD /* MBProgressHUD.m in Sources */ = {isa = PBXBuildFile; fileRef = 18751C141F4A751F00DBFCFD /* MBProgressHUD.m */; };
/* End PBXBuildFile section */

/* Begin PBXFileReference section */
		18751BF61F4A733300DBFCFD /* A-App.app */ = {isa = PBXFileReference; explicitFileType = wrapper.application; includeInIndex = 0; path = "A-App.app"; sourceTree = BUILT_PRODUCTS_DIR; };
		18751BFA1F4A733300DBFCFD /* main.m */ = {isa = PBXFileReference; lastKnownFileType = sourcecode.c.objc; path = main.m; sourceTree = "<group>"; };
		18751BFC1F4A733300DBFCFD /* AppDelegate.h */ = {isa = PBXFileReference; lastKnownFileType = sourcecode.c.h; path = AppDelegate.h; sourceTree = "<group>"; };
		18751BFD1F4A733300DBFCFD /* AppDelegate.m */ = {isa = PBXFileReference; lastKnownFileType = sourcecode.c.objc; path = AppDelegate.m; sourceTree = "<group>"; };
		18751BFF1F4A733300DBFCFD /* ViewController.h */ = {isa = PBXFileReference; lastKnownFileType = sourcecode.c.h; path = ViewController.h; sourceTree = "<group>"; };
		18751C001F4A733300DBFCFD /* ViewController.m */ = {isa = PBXFileReference; lastKnownFileType = sourcecode.c.objc; path = ViewController.m; sourceTree = "<group>"; };
		18751C031F4A733300DBFCFD /* Base */ = {isa = PBXFileReference; lastKnownFileType = file.storyboard; name = Base; path = Base.lproj/Main.storyboard; sourceTree = "<group>"; };
		18751C051F4A733300DBFCFD /* Assets.xcassets */ = {isa = PBXFileReference; lastKnownFileType = folder.assetcatalog; path = Assets.xcassets; sourceTree = "<group>"; };
		18751C081F4A733300DBFCFD /* Base */ = {isa = PBXFileReference; lastKnownFileType = file.storyboard; name = Base; path = Base.lproj/LaunchScreen.storyboard; sourceTree = "<group>"; };
		18751C0A1F4A733300DBFCFD /* Info.plist */ = {isa = PBXFileReference; lastKnownFileType = text.plist.xml; path = Info.plist; sourceTree = "<group>"; };
		18751C101F4A743000DBFCFD /* SecondViewController.h */ = {isa = PBXFileReference; fileEncoding = 4; lastKnownFileType = sourcecode.c.h; path = SecondViewController.h; sourceTree = "<group>"; };
		18751C111F4A743000DBFCFD /* SecondViewController.m */ = {isa = PBXFileReference; fileEncoding = 4; lastKnownFileType = sourcecode.c.objc; path = SecondViewController.m; sourceTree = "<group>"; };
		18751C131F4A751F00DBFCFD /* MBProgressHUD.h */ = {isa = PBXFileReference; fileEncoding = 4; lastKnownFileType = sourcecode.c.h; path = MBProgressHUD.h; sourceTree = "<group>"; };
		18751C141F4A751F00DBFCFD /* MBProgressHUD.m */ = {isa = PBXFileReference; fileEncoding = 4; lastKnownFileType = sourcecode.c.objc; path = MBProgressHUD.m; sourceTree = "<group>"; };
/* End PBXFileReference section */

/* Begin PBXFrameworksBuildPhase section */
		18751BF31F4A733300DBFCFD /* Frameworks */ = {
			isa = PBXFrameworksBuildPhase;
			buildActionMask = 2147483647;
			files = (
			);
			runOnlyForDeploymentPostprocessing = 0;
		};
/* End PBXFrameworksBuildPhase section */

/* Begin PBXGroup section */
		18751BED1F4A733300DBFCFD = {
			isa = PBXGroup;
			children = (
				18751BF81F4A733300DBFCFD /* A-App */,
				18751BF71F4A733300DBFCFD /* Products */,
			);
			sourceTree = "<group>";
		};
		18751BF71F4A733300DBFCFD /* Products */ = {
			isa = PBXGroup;
			children = (
				18751BF61F4A733300DBFCFD /* A-App.app */,
			);
			name = Products;
			sourceTree = "<group>";
		};
		18751BF81F4A733300DBFCFD /* A-App */ = {
			isa = PBXGroup;
			children = (
				18751BFC1F4A733300DBFCFD /* AppDelegate.h */,
				18751BFD1F4A733300DBFCFD /* AppDelegate.m */,
				18751BFF1F4A733300DBFCFD /* ViewController.h */,
				18751C001F4A733300DBFCFD /* ViewController.m */,
				18751C101F4A743000DBFCFD /* SecondViewController.h */,
				18751C111F4A743000DBFCFD /* SecondViewController.m */,
				18751C131F4A751F00DBFCFD /* MBProgressHUD.h */,
				18751C141F4A751F00DBFCFD /* MBProgressHUD.m */,
				18751C021F4A733300DBFCFD /* Main.storyboard */,
				18751C051F4A733300DBFCFD /* Assets.xcassets */,
				18751C071F4A733300DBFCFD /* LaunchScreen.storyboard */,
				18751C0A1F4A733300DBFCFD /* Info.plist */,
				18751BF91F4A733300DBFCFD /* Supporting Files */,
			);
			path = "A-App";
			sourceTree = "<group>";
		};
		18751BF91F4A733300DBFCFD /* Supporting Files */ = {
			isa = PBXGroup;
			children = (
				18751BFA1F4A733300DBFCFD /* main.m */,
			);
			name = "Supporting Files";
			sourceTree = "<group>";
		};
/* End PBXGroup section */

/* Begin PBXNativeTarget section */
		18751BF51F4A733300DBFCFD /* A-App */ = {
			isa = PBXNativeTarget;
			buildConfigurationList = 18751C0D1F4A733300DBFCFD /* Build configuration list for PBXNativeTarget "A-App" */;
			buildPhases = (
				18751BF21F4A733300DBFCFD /* Sources */,
				18751BF31F4A733300DBFCFD /* Frameworks */,
				18751BF41F4A733300DBFCFD /* Resources */,
			);
			buildRules = (
			);
			dependencies = (
			);
			name = "A-App";
			productName = "A-App";
			productReference = 18751BF61F4A733300DBFCFD /* A-App.app */;
			productType = "com.apple.product-type.application";
		};
/* End PBXNativeTarget section */

/* Begin PBXProject section */
		18751BEE1F4A733300DBFCFD /* Project object */ = {
			isa = PBXProject;
			attributes = {
				LastUpgradeCheck = 0830;
				ORGANIZATIONNAME = zlbig;
				TargetAttributes = {
					18751BF51F4A733300DBFCFD = {
						CreatedOnToolsVersion = 8.3;
						ProvisioningStyle = Automatic;
					};
				};
			};
			buildConfigurationList = 18751BF11F4A733300DBFCFD /* Build configuration list for PBXProject "A-App" */;
			compatibilityVersion = "Xcode 3.2";
			developmentRegion = English;
			hasScannedForEncodings = 0;
			knownRegions = (
				en,
				Base,
			);
			mainGroup = 18751BED1F4A733300DBFCFD;
			productRefGroup = 18751BF71F4A733300DBFCFD /* Products */;
			projectDirPath = "";
			projectRoot = "";
			targets = (
				18751BF51F4A733300DBFCFD /* A-App */,
			);
		};
/* End PBXProject section */

/* Begin PBXResourcesBuildPhase section */
		18751BF41F4A733300DBFCFD /* Resources */ = {
			isa = PBXResourcesBuildPhase;
			buildActionMask = 2147483647;
			files = (
				18751C091F4A733300DBFCFD /* LaunchScreen.storyboard in Resources */,
				18751C061F4A733300DBFCFD /* Assets.xcassets in Resources */,
				18751C041F4A733300DBFCFD /* Main.storyboard in Resources */,
			);
			runOnlyForDeploymentPostprocessing = 0;
		};
/* End PBXResourcesBuildPhase section */

/* Begin PBXSourcesBuildPhase section */
		18751BF21F4A733300DBFCFD /* Sources */ = {
			isa = PBXSourcesBuildPhase;
			buildActionMask = 2147483647;
			files = (
				18751C121F4A743000DBFCFD /* SecondViewController.m in Sources */,
				18751C011F4A733300DBFCFD /* ViewController.m in Sources */,
				18751C151F4A751F00DBFCFD /* MBProgressHUD.m in Sources */,
				18751BFE1F4A733300DBFCFD /* AppDelegate.m in Sources */,
				18751BFB1F4A733300DBFCFD /* main.m in Sources */,
			);
			runOnlyForDeploymentPostprocessing = 0;
		};
/* End PBXSourcesBuildPhase section */

/* Begin PBXVariantGroup section */
		18751C021F4A733300DBFCFD /* Main.storyboard */ = {
			isa = PBXVariantGroup;
			children = (
				18751C031F4A733300DBFCFD /* Base */,
			);
			name = Main.storyboard;
			sourceTree = "<group>";
		};
		18751C071F4A733300DBFCFD /* LaunchScreen.storyboard */ = {
			isa = PBXVariantGroup;
			children = (
				18751C081F4A733300DBFCFD /* Base */,
			);
			name = LaunchScreen.storyboard;
			sourceTree = "<group>";
		};
/* End PBXVariantGroup section */

/* Begin XCBuildConfiguration section */
		18751C0B1F4A733300DBFCFD /* Debug */ = {
			isa = XCBuildConfiguration;
			buildSettings = {
				ALWAYS_SEARCH_USER_PATHS = NO;
				CLANG_ANALYZER_NONNULL = YES;
				CLANG_ANALYZER_NUMBER_OBJECT_CONVERSION = YES_AGGRESSIVE;
				CLANG_CXX_LANGUAGE_STANDARD = "gnu++0x";
				CLANG_CXX_LIBRARY = "libc++";
				CLANG_ENABLE_MODULES = YES;
				CLANG_ENABLE_OBJC_ARC = YES;
				CLANG_WARN_BOOL_CONVERSION = YES;
				CLANG_WARN_CONSTANT_CONVERSION = YES;
				CLANG_WARN_DIRECT_OBJC_ISA_USAGE = YES_ERROR;
				CLANG_WARN_DOCUMENTATION_COMMENTS = YES;
				CLANG_WARN_EMPTY_BODY = YES;
				CLANG_WARN_ENUM_CONVERSION = YES;
				CLANG_WARN_INFINITE_RECURSION = YES;
				CLANG_WARN_INT_CONVERSION = YES;
				CLANG_WARN_OBJC_ROOT_CLASS = YES_ERROR;
				CLANG_WARN_SUSPICIOUS_MOVE = YES;
				CLANG_WARN_UNREACHABLE_CODE = YES;
				CLANG_WARN__DUPLICATE_METHOD_MATCH = YES;
				"CODE_SIGN_IDENTITY[sdk=iphoneos*]" = "iPhone Developer";
				COPY_PHASE_STRIP = NO;
				DEBUG_INFORMATION_FORMAT = dwarf;
				ENABLE_STRICT_OBJC_MSGSEND = YES;
				ENABLE_TESTABILITY = YES;
				GCC_C_LANGUAGE_STANDARD = gnu99;
				GCC_DYNAMIC_NO_PIC = NO;
				GCC_NO_COMMON_BLOCKS = YES;
				GCC_OPTIMIZATION_LEVEL = 0;
				GCC_PREPROCESSOR_DEFINITIONS = (
					"DEBUG=1",
					"$(inherited)",
				);
				GCC_WARN_64_TO_32_BIT_CONVERSION = YES;
				GCC_WARN_ABOUT_RETURN_TYPE = YES_ERROR;
				GCC_WARN_UNDECLARED_SELECTOR = YES;
				GCC_WARN_UNINITIALIZED_AUTOS = YES_AGGRESSIVE;
				GCC_WARN_UNUSED_FUNCTION = YES;
				GCC_WARN_UNUSED_VARIABLE = YES;
				IPHONEOS_DEPLOYMENT_TARGET = 10.3;
				MTL_ENABLE_DEBUG_INFO = YES;
				ONLY_ACTIVE_ARCH = YES;
				SDKROOT = iphoneos;
			};
			name = Debug;
		};
		18751C0C1F4A733300DBFCFD /* Release */ = {
			isa = XCBuildConfiguration;
			buildSettings = {
				ALWAYS_SEARCH_USER_PATHS = NO;
				CLANG_ANALYZER_NONNULL = YES;
				CLANG_ANALYZER_NUMBER_OBJECT_CONVERSION = YES_AGGRESSIVE;
				CLANG_CXX_LANGUAGE_STANDARD = "gnu++0x";
				CLANG_CXX_LIBRARY = "libc++";
				CLANG_ENABLE_MODULES = YES;
				CLANG_ENABLE_OBJC_ARC = YES;
				CLANG_WARN_BOOL_CONVERSION = YES;
				CLANG_WARN_CONSTANT_CONVERSION = YES;
				CLANG_WARN_DIRECT_OBJC_ISA_USAGE = YES_ERROR;
				CLANG_WARN_DOCUMENTATION_COMMENTS = YES;
				CLANG_WARN_EMPTY_BODY = YES;
				CLANG_WARN_ENUM_CONVERSION = YES;
				CLANG_WARN_INFINITE_RECURSION = YES;
				CLANG_WARN_INT_CONVERSION = YES;
				CLANG_WARN_OBJC_ROOT_CLASS = YES_ERROR;
				CLANG_WARN_SUSPICIOUS_MOVE = YES;
				CLANG_WARN_UNREACHABLE_CODE = YES;
				CLANG_WARN__DUPLICATE_METHOD_MATCH = YES;
				"CODE_SIGN_IDENTITY[sdk=iphoneos*]" = "iPhone Developer";
				COPY_PHASE_STRIP = NO;
				DEBUG_INFORMATION_FORMAT = "dwarf-with-dsym";
				ENABLE_NS_ASSERTIONS = NO;
				ENABLE_STRICT_OBJC_MSGSEND = YES;
				GCC_C_LANGUAGE_STANDARD = gnu99;
				GCC_NO_COMMON_BLOCKS = YES;
				GCC_WARN_64_TO_32_BIT_CONVERSION = YES;
				GCC_WARN_ABOUT_RETURN_TYPE = YES_ERROR;
				GCC_WARN_UNDECLARED_SELECTOR = YES;
				GCC_WARN_UNINITIALIZED_AUTOS = YES_AGGRESSIVE;
				GCC_WARN_UNUSED_FUNCTION = YES;
				GCC_WARN_UNUSED_VARIABLE = YES;
				IPHONEOS_DEPLOYMENT_TARGET = 10.3;
				MTL_ENABLE_DEBUG_INFO = NO;
				SDKROOT = iphoneos;
				VALIDATE_PRODUCT = YES;
			};
			name = Release;
		};
		18751C0E1F4A733300DBFCFD /* Debug */ = {
			isa = XCBuildConfiguration;
			buildSettings = {
				ASSETCATALOG_COMPILER_APPICON_NAME = AppIcon;
				INFOPLIST_FILE = "A-App/Info.plist";
				IPHONEOS_DEPLOYMENT_TARGET = 8.0;
				LD_RUNPATH_SEARCH_PATHS = "$(inherited) @executable_path/Frameworks";
				PRODUCT_BUNDLE_IDENTIFIER = "com.zlbig.A-App";
				PRODUCT_NAME = "$(TARGET_NAME)";
			};
			name = Debug;
		};
		18751C0F1F4A733300DBFCFD /* Release */ = {
			isa = XCBuildConfiguration;
			buildSettings = {
				ASSETCATALOG_COMPILER_APPICON_NAME = AppIcon;
				INFOPLIST_FILE = "A-App/Info.plist";
				IPHONEOS_DEPLOYMENT_TARGET = 8.0;
				LD_RUNPATH_SEARCH_PATHS = "$(inherited) @executable_path/Frameworks";
				PRODUCT_BUNDLE_IDENTIFIER = "com.zlbig.A-App";
				PRODUCT_NAME = "$(TARGET_NAME)";
			};
			name = Release;
		};
/* End XCBuildConfiguration section */

/* Begin XCConfigurationList section */
		18751BF11F4A733300DBFCFD /* Build configuration list for PBXProject "A-App" */ = {
			isa = XCConfigurationList;
			buildConfigurations = (
				18751C0B1F4A733300DBFCFD /* Debug */,
				18751C0C1F4A733300DBFCFD /* Release */,
			);
			defaultConfigurationIsVisible = 0;
			defaultConfigurationName = Release;
		};
		18751C0D1F4A733300DBFCFD /* Build configuration list for PBXNativeTarget "A-App" */ = {
			isa = XCConfigurationList;
			buildConfigurations = (
				18751C0E1F4A733300DBFCFD /* Debug */,
				18751C0F1F4A733300DBFCFD /* Release */,
			);
			defaultConfigurationIsVisible = 0;
		};
/* End XCConfigurationList section */
	};
	rootObject = 18751BEE1F4A733300DBFCFD /* Project object */;
}
